
Microsoft Visual Studio Solution File, Format Version 12.00
# Visual Studio 14
VisualStudioVersion = 14.0.25420.1
MinimumVisualStudioVersion = 10.0.40219.1
Project("{FAE04EC0-301F-11D3-BF4B-00C04F79EFBC}") = "DependInject2", "DependInject2.csproj", "{310D40AF-6A1E-4117-9262-11DAF18F471E}"
EndProject
Global
	GlobalSection(SolutionConfigurationPlatforms) = preSolution
		Debug|Any CPU = Debug|Any CPU
		Release|Any CPU = Release|Any CPU
	EndGlobalSection
	GlobalSection(ProjectConfigurationPlatforms) = postSolution
		{310D40AF-6A1E-4117-9262-11DAF18F471E}.Debug|Any CPU.ActiveCfg = Debug|Any CPU
		{310D40AF-6A1E-4117-9262-11DAF18F471E}.Debug|Any CPU.Build.0 = Debug|Any CPU
		{310D40AF-6A1E-4117-9262-11DAF18F471E}.Release|Any CPU.ActiveCfg = Release|Any CPU
		{310D40AF-6A1E-4117-9262-11DAF18F471E}.Release|Any CPU.Build.0 = Release|Any CPU
	EndGlobalSection
	GlobalSection(SolutionProperties) = preSolution
		HideSolutionNode = FALSE
	EndGlobalSection
EndGlobal
