{
  "name": "odetofood",
  "version": "1.0.0",
  "lockfileVersion": 1,
  "requires": true,
  "dependencies": {
    "datatables.net-bs": {
      "version": "1.10.19",
      "resolved": "https://registry.npmjs.org/datatables.net-bs/-/datatables.net-bs-1.10.19.tgz",
      "integrity": "sha1-CHY7Tk0M7xpCfQGdwV5xfH7Wek0=",
      "requires": {
        "datatables.net": "1.10.19",
        "jquery": ">=1.7"
      },
      "dependencies": {
        "datatables.net": {
          "version": "1.10.19",
          "resolved": "https://registry.npmjs.org/datatables.net/-/datatables.net-1.10.19.tgz",
          "integrity": "sha1-l6HtQcheYtYQQGA0gbWXkKFy3R8=",
          "requires": {
            "jquery": ">=1.7"
          }
        },
        "jquery": {
          "version": "3.4.0",
          "resolved": "https://registry.npmjs.org/jquery/-/jquery-3.4.0.tgz",
          "integrity": "sha1-jeUT+g+kssfS5IpTDibwWWk2798="
        }
      }
    }
  }
}
