
Microsoft Visual Studio Solution File, Format Version 12.00
# Visual Studio 14
VisualStudioVersion = 14.0.25420.1
MinimumVisualStudioVersion = 10.0.40219.1
Project("{FAE04EC0-301F-11D3-BF4B-00C04F79EFBC}") = "Basic3", "Basic3.csproj", "{83E7A202-F064-49A7-A416-21B030B1C36D}"
EndProject
Project("{FAE04EC0-301F-11D3-BF4B-00C04F79EFBC}") = "IoCExplore", "IoCExplore\IoCExplore.csproj", "{2DCD55E6-5936-4E1F-98E5-9BEA8FC2EE65}"
EndProject
Global
	GlobalSection(SolutionConfigurationPlatforms) = preSolution
		Debug|Any CPU = Debug|Any CPU
		Release|Any CPU = Release|Any CPU
	EndGlobalSection
	GlobalSection(ProjectConfigurationPlatforms) = postSolution
		{83E7A202-F064-49A7-A416-21B030B1C36D}.Debug|Any CPU.ActiveCfg = Debug|Any CPU
		{83E7A202-F064-49A7-A416-21B030B1C36D}.Debug|Any CPU.Build.0 = Debug|Any CPU
		{83E7A202-F064-49A7-A416-21B030B1C36D}.Release|Any CPU.ActiveCfg = Release|Any CPU
		{83E7A202-F064-49A7-A416-21B030B1C36D}.Release|Any CPU.Build.0 = Release|Any CPU
		{2DCD55E6-5936-4E1F-98E5-9BEA8FC2EE65}.Debug|Any CPU.ActiveCfg = Debug|Any CPU
		{2DCD55E6-5936-4E1F-98E5-9BEA8FC2EE65}.Debug|Any CPU.Build.0 = Debug|Any CPU
		{2DCD55E6-5936-4E1F-98E5-9BEA8FC2EE65}.Release|Any CPU.ActiveCfg = Release|Any CPU
		{2DCD55E6-5936-4E1F-98E5-9BEA8FC2EE65}.Release|Any CPU.Build.0 = Release|Any CPU
	EndGlobalSection
	GlobalSection(SolutionProperties) = preSolution
		HideSolutionNode = FALSE
	EndGlobalSection
EndGlobal
