
Microsoft Visual Studio Solution File, Format Version 12.00
# Visual Studio Version 17
VisualStudioVersion = 17.1.32319.34
MinimumVisualStudioVersion = 10.0.40219.1
Project("{FAE04EC0-301F-11D3-BF4B-00C04F79EFBC}") = "Basic3", "Basic3.csproj", "{83E7A202-F064-49A7-A416-21B030B1C36D}"
EndProject
Project("{FAE04EC0-301F-11D3-BF4B-00C04F79EFBC}") = "IoCExplore", "IoCExplore\IoCExplore.csproj", "{2DCD55E6-5936-4E1F-98E5-9BEA8FC2EE65}"
EndProject
Project("{FAE04EC0-301F-11D3-BF4B-00C04F79EFBC}") = "HelloDI", "HelloDI\HelloDI.csproj", "{3CC73FBC-C96B-474D-84C8-95755ED09E6C}"
EndProject
Project("{FAE04EC0-301F-11D3-BF4B-00C04F79EFBC}") = "FakePython_PdfSplit", "..\FakePython_PdfSplit\FakePython_PdfSplit.csproj", "{7C329DFB-20FE-4FE4-A38C-BD27B4473730}"
EndProject
Project("{FAE04EC0-301F-11D3-BF4B-00C04F79EFBC}") = "PollyPolly", "..\PollyPolly\PollyPolly.csproj", "{D6FB50DA-10F3-4AD8-BEFD-10966BD78D76}"
EndProject
Project("{FAE04EC0-301F-11D3-BF4B-00C04F79EFBC}") = "HttpExplore", "..\HttpExplore\HttpExplore.csproj", "{840E9D55-E3DD-4241-BDBC-064CE4ED5430}"
EndProject
Project("{FAE04EC0-301F-11D3-BF4B-00C04F79EFBC}") = "DelegateProj", "..\DelegateProj\DelegateProj.csproj", "{5523FCEE-84E4-4F2A-A9FD-3715882526E0}"
EndProject
Project("{9A19103F-16F7-4668-BE54-9A1E7A4F7556}") = "NullableRefsSample", "..\NullableRefsSample\NullableRefsSample.csproj", "{C83C0E0E-92DF-4FA2-8E5D-650B02E2B837}"
EndProject
Project("{9A19103F-16F7-4668-BE54-9A1E7A4F7556}") = "ReflectIt", "..\ReflectIt\ReflectIt.csproj", "{5CBC4369-93DC-4CF5-B50B-51344283CB98}"
EndProject
Project("{9A19103F-16F7-4668-BE54-9A1E7A4F7556}") = "TransformTypes", "..\TransformTypes\TransformTypes.csproj", "{62F87D42-3D9D-4C8F-A441-9686998B2495}"
EndProject
Project("{9A19103F-16F7-4668-BE54-9A1E7A4F7556}") = "TransformCsv01", "..\TransformCsv01\TransformCsv01.csproj", "{C2DCA3B9-1BEC-4B73-A412-4F113EE9368A}"
EndProject
Project("{9A19103F-16F7-4668-BE54-9A1E7A4F7556}") = "TestXyzTransform", "..\TestXyzTransform\TestXyzTransform.csproj", "{FE19C879-471B-49D3-AE16-FC2C0528CF94}"
EndProject
Project("{FAE04EC0-301F-11D3-BF4B-00C04F79EFBC}") = "TransformCsv02", "..\TransformCsv02\TransformCsv02.csproj", "{DF5C3D35-0551-4FEB-8D98-3EE3355DF7AC}"
EndProject
Global
	GlobalSection(SolutionConfigurationPlatforms) = preSolution
		Debug|Any CPU = Debug|Any CPU
		Release|Any CPU = Release|Any CPU
	EndGlobalSection
	GlobalSection(ProjectConfigurationPlatforms) = postSolution
		{83E7A202-F064-49A7-A416-21B030B1C36D}.Debug|Any CPU.ActiveCfg = Debug|Any CPU
		{83E7A202-F064-49A7-A416-21B030B1C36D}.Debug|Any CPU.Build.0 = Debug|Any CPU
		{83E7A202-F064-49A7-A416-21B030B1C36D}.Release|Any CPU.ActiveCfg = Release|Any CPU
		{83E7A202-F064-49A7-A416-21B030B1C36D}.Release|Any CPU.Build.0 = Release|Any CPU
		{2DCD55E6-5936-4E1F-98E5-9BEA8FC2EE65}.Debug|Any CPU.ActiveCfg = Debug|Any CPU
		{2DCD55E6-5936-4E1F-98E5-9BEA8FC2EE65}.Debug|Any CPU.Build.0 = Debug|Any CPU
		{2DCD55E6-5936-4E1F-98E5-9BEA8FC2EE65}.Release|Any CPU.ActiveCfg = Release|Any CPU
		{2DCD55E6-5936-4E1F-98E5-9BEA8FC2EE65}.Release|Any CPU.Build.0 = Release|Any CPU
		{3CC73FBC-C96B-474D-84C8-95755ED09E6C}.Debug|Any CPU.ActiveCfg = Debug|Any CPU
		{3CC73FBC-C96B-474D-84C8-95755ED09E6C}.Debug|Any CPU.Build.0 = Debug|Any CPU
		{3CC73FBC-C96B-474D-84C8-95755ED09E6C}.Release|Any CPU.ActiveCfg = Release|Any CPU
		{3CC73FBC-C96B-474D-84C8-95755ED09E6C}.Release|Any CPU.Build.0 = Release|Any CPU
		{7C329DFB-20FE-4FE4-A38C-BD27B4473730}.Debug|Any CPU.ActiveCfg = Debug|Any CPU
		{7C329DFB-20FE-4FE4-A38C-BD27B4473730}.Debug|Any CPU.Build.0 = Debug|Any CPU
		{7C329DFB-20FE-4FE4-A38C-BD27B4473730}.Release|Any CPU.ActiveCfg = Release|Any CPU
		{7C329DFB-20FE-4FE4-A38C-BD27B4473730}.Release|Any CPU.Build.0 = Release|Any CPU
		{D6FB50DA-10F3-4AD8-BEFD-10966BD78D76}.Debug|Any CPU.ActiveCfg = Debug|Any CPU
		{D6FB50DA-10F3-4AD8-BEFD-10966BD78D76}.Debug|Any CPU.Build.0 = Debug|Any CPU
		{D6FB50DA-10F3-4AD8-BEFD-10966BD78D76}.Release|Any CPU.ActiveCfg = Release|Any CPU
		{D6FB50DA-10F3-4AD8-BEFD-10966BD78D76}.Release|Any CPU.Build.0 = Release|Any CPU
		{840E9D55-E3DD-4241-BDBC-064CE4ED5430}.Debug|Any CPU.ActiveCfg = Debug|Any CPU
		{840E9D55-E3DD-4241-BDBC-064CE4ED5430}.Debug|Any CPU.Build.0 = Debug|Any CPU
		{840E9D55-E3DD-4241-BDBC-064CE4ED5430}.Release|Any CPU.ActiveCfg = Release|Any CPU
		{840E9D55-E3DD-4241-BDBC-064CE4ED5430}.Release|Any CPU.Build.0 = Release|Any CPU
		{5523FCEE-84E4-4F2A-A9FD-3715882526E0}.Debug|Any CPU.ActiveCfg = Debug|Any CPU
		{5523FCEE-84E4-4F2A-A9FD-3715882526E0}.Debug|Any CPU.Build.0 = Debug|Any CPU
		{5523FCEE-84E4-4F2A-A9FD-3715882526E0}.Release|Any CPU.ActiveCfg = Release|Any CPU
		{5523FCEE-84E4-4F2A-A9FD-3715882526E0}.Release|Any CPU.Build.0 = Release|Any CPU
		{C83C0E0E-92DF-4FA2-8E5D-650B02E2B837}.Debug|Any CPU.ActiveCfg = Debug|Any CPU
		{C83C0E0E-92DF-4FA2-8E5D-650B02E2B837}.Debug|Any CPU.Build.0 = Debug|Any CPU
		{C83C0E0E-92DF-4FA2-8E5D-650B02E2B837}.Release|Any CPU.ActiveCfg = Release|Any CPU
		{C83C0E0E-92DF-4FA2-8E5D-650B02E2B837}.Release|Any CPU.Build.0 = Release|Any CPU
		{5CBC4369-93DC-4CF5-B50B-51344283CB98}.Debug|Any CPU.ActiveCfg = Debug|Any CPU
		{5CBC4369-93DC-4CF5-B50B-51344283CB98}.Debug|Any CPU.Build.0 = Debug|Any CPU
		{5CBC4369-93DC-4CF5-B50B-51344283CB98}.Release|Any CPU.ActiveCfg = Release|Any CPU
		{5CBC4369-93DC-4CF5-B50B-51344283CB98}.Release|Any CPU.Build.0 = Release|Any CPU
		{62F87D42-3D9D-4C8F-A441-9686998B2495}.Debug|Any CPU.ActiveCfg = Debug|Any CPU
		{62F87D42-3D9D-4C8F-A441-9686998B2495}.Debug|Any CPU.Build.0 = Debug|Any CPU
		{62F87D42-3D9D-4C8F-A441-9686998B2495}.Release|Any CPU.ActiveCfg = Release|Any CPU
		{62F87D42-3D9D-4C8F-A441-9686998B2495}.Release|Any CPU.Build.0 = Release|Any CPU
		{C2DCA3B9-1BEC-4B73-A412-4F113EE9368A}.Debug|Any CPU.ActiveCfg = Debug|Any CPU
		{C2DCA3B9-1BEC-4B73-A412-4F113EE9368A}.Debug|Any CPU.Build.0 = Debug|Any CPU
		{C2DCA3B9-1BEC-4B73-A412-4F113EE9368A}.Release|Any CPU.ActiveCfg = Release|Any CPU
		{C2DCA3B9-1BEC-4B73-A412-4F113EE9368A}.Release|Any CPU.Build.0 = Release|Any CPU
		{FE19C879-471B-49D3-AE16-FC2C0528CF94}.Debug|Any CPU.ActiveCfg = Debug|Any CPU
		{FE19C879-471B-49D3-AE16-FC2C0528CF94}.Debug|Any CPU.Build.0 = Debug|Any CPU
		{FE19C879-471B-49D3-AE16-FC2C0528CF94}.Release|Any CPU.ActiveCfg = Release|Any CPU
		{FE19C879-471B-49D3-AE16-FC2C0528CF94}.Release|Any CPU.Build.0 = Release|Any CPU
		{DF5C3D35-0551-4FEB-8D98-3EE3355DF7AC}.Debug|Any CPU.ActiveCfg = Debug|Any CPU
		{DF5C3D35-0551-4FEB-8D98-3EE3355DF7AC}.Debug|Any CPU.Build.0 = Debug|Any CPU
		{DF5C3D35-0551-4FEB-8D98-3EE3355DF7AC}.Release|Any CPU.ActiveCfg = Release|Any CPU
		{DF5C3D35-0551-4FEB-8D98-3EE3355DF7AC}.Release|Any CPU.Build.0 = Release|Any CPU
	EndGlobalSection
	GlobalSection(SolutionProperties) = preSolution
		HideSolutionNode = FALSE
	EndGlobalSection
	GlobalSection(ExtensibilityGlobals) = postSolution
		SolutionGuid = {7C4D74EE-8BE4-4FBF-BC28-DC7D17AC386D}
	EndGlobalSection
EndGlobal
