
Microsoft Visual Studio Solution File, Format Version 12.00
# Visual Studio 15
VisualStudioVersion = 15.0.27130.2010
MinimumVisualStudioVersion = 10.0.40219.1
Project("{FAE04EC0-301F-11D3-BF4B-00C04F79EFBC}") = "Basic3", "Basic3.csproj", "{83E7A202-F064-49A7-A416-21B030B1C36D}"
EndProject
Project("{FAE04EC0-301F-11D3-BF4B-00C04F79EFBC}") = "IoCExplore", "IoCExplore\IoCExplore.csproj", "{2DCD55E6-5936-4E1F-98E5-9BEA8FC2EE65}"
EndProject
Project("{FAE04EC0-301F-11D3-BF4B-00C04F79EFBC}") = "HelloDI", "HelloDI\HelloDI.csproj", "{3CC73FBC-C96B-474D-84C8-95755ED09E6C}"
EndProject
Project("{FAE04EC0-301F-11D3-BF4B-00C04F79EFBC}") = "NH_Fundamentals", "..\NH_Fundamentals\NH_Fundamentals.csproj", "{FD8BDA02-8C54-41CC-BC38-9D19B6555FC2}"
EndProject
Project("{FAE04EC0-301F-11D3-BF4B-00C04F79EFBC}") = "FakePython_PdfSplit", "..\FakePython_PdfSplit\FakePython_PdfSplit.csproj", "{7C329DFB-20FE-4FE4-A38C-BD27B4473730}"
EndProject
Project("{FAE04EC0-301F-11D3-BF4B-00C04F79EFBC}") = "PollyPolly", "..\PollyPolly\PollyPolly.csproj", "{D6FB50DA-10F3-4AD8-BEFD-10966BD78D76}"
EndProject
Project("{FAE04EC0-301F-11D3-BF4B-00C04F79EFBC}") = "HttpExplore", "..\HttpExplore\HttpExplore.csproj", "{840E9D55-E3DD-4241-BDBC-064CE4ED5430}"
EndProject
Project("{FAE04EC0-301F-11D3-BF4B-00C04F79EFBC}") = "OdeToFood", "..\CoreLearn\OdeToFood\OdeToFood.csproj", "{4BEBDD7A-208E-4A3D-A177-5D6B0387ADDB}"
EndProject
Global
	GlobalSection(SolutionConfigurationPlatforms) = preSolution
		Debug|Any CPU = Debug|Any CPU
		Release|Any CPU = Release|Any CPU
	EndGlobalSection
	GlobalSection(ProjectConfigurationPlatforms) = postSolution
		{83E7A202-F064-49A7-A416-21B030B1C36D}.Debug|Any CPU.ActiveCfg = Debug|Any CPU
		{83E7A202-F064-49A7-A416-21B030B1C36D}.Debug|Any CPU.Build.0 = Debug|Any CPU
		{83E7A202-F064-49A7-A416-21B030B1C36D}.Release|Any CPU.ActiveCfg = Release|Any CPU
		{83E7A202-F064-49A7-A416-21B030B1C36D}.Release|Any CPU.Build.0 = Release|Any CPU
		{2DCD55E6-5936-4E1F-98E5-9BEA8FC2EE65}.Debug|Any CPU.ActiveCfg = Debug|Any CPU
		{2DCD55E6-5936-4E1F-98E5-9BEA8FC2EE65}.Debug|Any CPU.Build.0 = Debug|Any CPU
		{2DCD55E6-5936-4E1F-98E5-9BEA8FC2EE65}.Release|Any CPU.ActiveCfg = Release|Any CPU
		{2DCD55E6-5936-4E1F-98E5-9BEA8FC2EE65}.Release|Any CPU.Build.0 = Release|Any CPU
		{3CC73FBC-C96B-474D-84C8-95755ED09E6C}.Debug|Any CPU.ActiveCfg = Debug|Any CPU
		{3CC73FBC-C96B-474D-84C8-95755ED09E6C}.Debug|Any CPU.Build.0 = Debug|Any CPU
		{3CC73FBC-C96B-474D-84C8-95755ED09E6C}.Release|Any CPU.ActiveCfg = Release|Any CPU
		{3CC73FBC-C96B-474D-84C8-95755ED09E6C}.Release|Any CPU.Build.0 = Release|Any CPU
		{FD8BDA02-8C54-41CC-BC38-9D19B6555FC2}.Debug|Any CPU.ActiveCfg = Debug|Any CPU
		{FD8BDA02-8C54-41CC-BC38-9D19B6555FC2}.Debug|Any CPU.Build.0 = Debug|Any CPU
		{FD8BDA02-8C54-41CC-BC38-9D19B6555FC2}.Release|Any CPU.ActiveCfg = Release|Any CPU
		{FD8BDA02-8C54-41CC-BC38-9D19B6555FC2}.Release|Any CPU.Build.0 = Release|Any CPU
		{7C329DFB-20FE-4FE4-A38C-BD27B4473730}.Debug|Any CPU.ActiveCfg = Debug|Any CPU
		{7C329DFB-20FE-4FE4-A38C-BD27B4473730}.Debug|Any CPU.Build.0 = Debug|Any CPU
		{7C329DFB-20FE-4FE4-A38C-BD27B4473730}.Release|Any CPU.ActiveCfg = Release|Any CPU
		{7C329DFB-20FE-4FE4-A38C-BD27B4473730}.Release|Any CPU.Build.0 = Release|Any CPU
		{D6FB50DA-10F3-4AD8-BEFD-10966BD78D76}.Debug|Any CPU.ActiveCfg = Debug|Any CPU
		{D6FB50DA-10F3-4AD8-BEFD-10966BD78D76}.Debug|Any CPU.Build.0 = Debug|Any CPU
		{D6FB50DA-10F3-4AD8-BEFD-10966BD78D76}.Release|Any CPU.ActiveCfg = Release|Any CPU
		{D6FB50DA-10F3-4AD8-BEFD-10966BD78D76}.Release|Any CPU.Build.0 = Release|Any CPU
		{840E9D55-E3DD-4241-BDBC-064CE4ED5430}.Debug|Any CPU.ActiveCfg = Debug|Any CPU
		{840E9D55-E3DD-4241-BDBC-064CE4ED5430}.Debug|Any CPU.Build.0 = Debug|Any CPU
		{840E9D55-E3DD-4241-BDBC-064CE4ED5430}.Release|Any CPU.ActiveCfg = Release|Any CPU
		{840E9D55-E3DD-4241-BDBC-064CE4ED5430}.Release|Any CPU.Build.0 = Release|Any CPU
		{4BEBDD7A-208E-4A3D-A177-5D6B0387ADDB}.Debug|Any CPU.ActiveCfg = Debug|Any CPU
		{4BEBDD7A-208E-4A3D-A177-5D6B0387ADDB}.Debug|Any CPU.Build.0 = Debug|Any CPU
		{4BEBDD7A-208E-4A3D-A177-5D6B0387ADDB}.Release|Any CPU.ActiveCfg = Release|Any CPU
		{4BEBDD7A-208E-4A3D-A177-5D6B0387ADDB}.Release|Any CPU.Build.0 = Release|Any CPU
	EndGlobalSection
	GlobalSection(SolutionProperties) = preSolution
		HideSolutionNode = FALSE
	EndGlobalSection
	GlobalSection(ExtensibilityGlobals) = postSolution
		SolutionGuid = {7C4D74EE-8BE4-4FBF-BC28-DC7D17AC386D}
	EndGlobalSection
EndGlobal
