
Microsoft Visual Studio Solution File, Format Version 12.00
# Visual Studio Version 17
VisualStudioVersion = 17.1.32319.34
MinimumVisualStudioVersion = 10.0.40219.1
<<<<<<< HEAD
Project("{9A19103F-16F7-4668-BE54-9A1E7A4F7556}") = "FSearch01", "FSearch01\FSearch01.csproj", "{81779820-DDAA-4885-8C8F-2F42BECEF893}"
EndProject
Project("{9A19103F-16F7-4668-BE54-9A1E7A4F7556}") = "Downloader", "Downloader\Downloader.csproj", "{5788304A-A9BE-423E-98DB-B138BF57A1C8}"
EndProject
Project("{FAE04EC0-301F-11D3-BF4B-00C04F79EFBC}") = "Downloader2", "Downloader2\Downloader2.csproj", "{5ED6DDC2-D53F-488B-BE43-B3DEE85E8EE1}"
=======
Project("{FAE04EC0-301F-11D3-BF4B-00C04F79EFBC}") = "FSearch01", "FSearch01\FSearch01.csproj", "{81779820-DDAA-4885-8C8F-2F42BECEF893}"
>>>>>>> ccc77da2daa29732d28b9e811672429afd13b0df
EndProject
Global
	GlobalSection(SolutionConfigurationPlatforms) = preSolution
		Debug|Any CPU = Debug|Any CPU
		Release|Any CPU = Release|Any CPU
	EndGlobalSection
	GlobalSection(ProjectConfigurationPlatforms) = postSolution
		{81779820-DDAA-4885-8C8F-2F42BECEF893}.Debug|Any CPU.ActiveCfg = Debug|Any CPU
		{81779820-DDAA-4885-8C8F-2F42BECEF893}.Debug|Any CPU.Build.0 = Debug|Any CPU
		{81779820-DDAA-4885-8C8F-2F42BECEF893}.Release|Any CPU.ActiveCfg = Release|Any CPU
		{81779820-DDAA-4885-8C8F-2F42BECEF893}.Release|Any CPU.Build.0 = Release|Any CPU
<<<<<<< HEAD
		{5788304A-A9BE-423E-98DB-B138BF57A1C8}.Debug|Any CPU.ActiveCfg = Debug|Any CPU
		{5788304A-A9BE-423E-98DB-B138BF57A1C8}.Debug|Any CPU.Build.0 = Debug|Any CPU
		{5788304A-A9BE-423E-98DB-B138BF57A1C8}.Release|Any CPU.ActiveCfg = Release|Any CPU
		{5788304A-A9BE-423E-98DB-B138BF57A1C8}.Release|Any CPU.Build.0 = Release|Any CPU
		{5ED6DDC2-D53F-488B-BE43-B3DEE85E8EE1}.Debug|Any CPU.ActiveCfg = Debug|Any CPU
		{5ED6DDC2-D53F-488B-BE43-B3DEE85E8EE1}.Debug|Any CPU.Build.0 = Debug|Any CPU
		{5ED6DDC2-D53F-488B-BE43-B3DEE85E8EE1}.Release|Any CPU.ActiveCfg = Release|Any CPU
		{5ED6DDC2-D53F-488B-BE43-B3DEE85E8EE1}.Release|Any CPU.Build.0 = Release|Any CPU
=======
>>>>>>> ccc77da2daa29732d28b9e811672429afd13b0df
	EndGlobalSection
	GlobalSection(SolutionProperties) = preSolution
		HideSolutionNode = FALSE
	EndGlobalSection
	GlobalSection(ExtensibilityGlobals) = postSolution
		SolutionGuid = {F9944691-FFA7-48B5-A45E-CD923DE28E56}
	EndGlobalSection
EndGlobal
