
Microsoft Visual Studio Solution File, Format Version 12.00
# Visual Studio Version 17
VisualStudioVersion = 17.1.32319.34
MinimumVisualStudioVersion = 10.0.40219.1
Project("{FAE04EC0-301F-11D3-BF4B-00C04F79EFBC}") = "FSearch01", "FSearch01\FSearch01.csproj", "{81779820-DDAA-4885-8C8F-2F42BECEF893}"
EndProject
Global
	GlobalSection(SolutionConfigurationPlatforms) = preSolution
		Debug|Any CPU = Debug|Any CPU
		Release|Any CPU = Release|Any CPU
	EndGlobalSection
	GlobalSection(ProjectConfigurationPlatforms) = postSolution
		{81779820-DDAA-4885-8C8F-2F42BECEF893}.Debug|Any CPU.ActiveCfg = Debug|Any CPU
		{81779820-DDAA-4885-8C8F-2F42BECEF893}.Debug|Any CPU.Build.0 = Debug|Any CPU
		{81779820-DDAA-4885-8C8F-2F42BECEF893}.Release|Any CPU.ActiveCfg = Release|Any CPU
		{81779820-DDAA-4885-8C8F-2F42BECEF893}.Release|Any CPU.Build.0 = Release|Any CPU
	EndGlobalSection
	GlobalSection(SolutionProperties) = preSolution
		HideSolutionNode = FALSE
	EndGlobalSection
	GlobalSection(ExtensibilityGlobals) = postSolution
		SolutionGuid = {F9944691-FFA7-48B5-A45E-CD923DE28E56}
	EndGlobalSection
EndGlobal
